
Microsoft Visual Studio Solution File, Format Version 12.00
# Visual Studio Version 16
VisualStudioVersion = 16.0.31321.278
MinimumVisualStudioVersion = 10.0.40219.1
Project("{FAE04EC0-301F-11D3-BF4B-00C04F79EFBC}") = "MessengerApp", "Messenger\MessengerApp.csproj", "{F443BF70-3314-4DB8-8173-B48D56BE3220}"
EndProject
Project("{FAE04EC0-301F-11D3-BF4B-00C04F79EFBC}") = "Server", "Server\Server\Server.csproj", "{C5B8BAE6-A19B-4D9A-867D-9F7A28F90766}"
EndProject
Global
	GlobalSection(SolutionConfigurationPlatforms) = preSolution
		Debug|Any CPU = Debug|Any CPU
		Debug|x64 = Debug|x64
		Release|Any CPU = Release|Any CPU
		Release|x64 = Release|x64
	EndGlobalSection
	GlobalSection(ProjectConfigurationPlatforms) = postSolution
		{F443BF70-3314-4DB8-8173-B48D56BE3220}.Debug|Any CPU.ActiveCfg = Debug|Any CPU
		{F443BF70-3314-4DB8-8173-B48D56BE3220}.Debug|Any CPU.Build.0 = Debug|Any CPU
		{F443BF70-3314-4DB8-8173-B48D56BE3220}.Debug|x64.ActiveCfg = Debug|x64
		{F443BF70-3314-4DB8-8173-B48D56BE3220}.Debug|x64.Build.0 = Debug|x64
		{F443BF70-3314-4DB8-8173-B48D56BE3220}.Release|Any CPU.ActiveCfg = Release|Any CPU
		{F443BF70-3314-4DB8-8173-B48D56BE3220}.Release|Any CPU.Build.0 = Release|Any CPU
		{F443BF70-3314-4DB8-8173-B48D56BE3220}.Release|x64.ActiveCfg = Release|x64
		{F443BF70-3314-4DB8-8173-B48D56BE3220}.Release|x64.Build.0 = Release|x64
		{C5B8BAE6-A19B-4D9A-867D-9F7A28F90766}.Debug|Any CPU.ActiveCfg = Release|Any CPU
		{C5B8BAE6-A19B-4D9A-867D-9F7A28F90766}.Debug|Any CPU.Build.0 = Release|Any CPU
		{C5B8BAE6-A19B-4D9A-867D-9F7A28F90766}.Debug|x64.ActiveCfg = Debug|Any CPU
		{C5B8BAE6-A19B-4D9A-867D-9F7A28F90766}.Debug|x64.Build.0 = Debug|Any CPU
		{C5B8BAE6-A19B-4D9A-867D-9F7A28F90766}.Release|Any CPU.ActiveCfg = Release|Any CPU
		{C5B8BAE6-A19B-4D9A-867D-9F7A28F90766}.Release|Any CPU.Build.0 = Release|Any CPU
		{C5B8BAE6-A19B-4D9A-867D-9F7A28F90766}.Release|x64.ActiveCfg = Release|Any CPU
		{C5B8BAE6-A19B-4D9A-867D-9F7A28F90766}.Release|x64.Build.0 = Release|Any CPU
	EndGlobalSection
	GlobalSection(SolutionProperties) = preSolution
		HideSolutionNode = FALSE
	EndGlobalSection
	GlobalSection(ExtensibilityGlobals) = postSolution
		SolutionGuid = {FA558147-E28E-4D7B-95F2-6841774754CD}
	EndGlobalSection
EndGlobal
