
Microsoft Visual Studio Solution File, Format Version 12.00
# Visual Studio Version 16
VisualStudioVersion = 16.0.31321.278
MinimumVisualStudioVersion = 10.0.40219.1
Project("{FAE04EC0-301F-11D3-BF4B-00C04F79EFBC}") = "Server", "Server\Server.csproj", "{C5B8BAE6-A19B-4D9A-867D-9F7A28F90766}"
EndProject
Global
	GlobalSection(SolutionConfigurationPlatforms) = preSolution
		Debug|Any CPU = Debug|Any CPU
		Release|Any CPU = Release|Any CPU
	EndGlobalSection
	GlobalSection(ProjectConfigurationPlatforms) = postSolution
		{C5B8BAE6-A19B-4D9A-867D-9F7A28F90766}.Debug|Any CPU.ActiveCfg = Debug|Any CPU
		{C5B8BAE6-A19B-4D9A-867D-9F7A28F90766}.Debug|Any CPU.Build.0 = Debug|Any CPU
		{C5B8BAE6-A19B-4D9A-867D-9F7A28F90766}.Release|Any CPU.ActiveCfg = Release|Any CPU
		{C5B8BAE6-A19B-4D9A-867D-9F7A28F90766}.Release|Any CPU.Build.0 = Release|Any CPU
	EndGlobalSection
	GlobalSection(SolutionProperties) = preSolution
		HideSolutionNode = FALSE
	EndGlobalSection
	GlobalSection(ExtensibilityGlobals) = postSolution
		SolutionGuid = {7FAB8B24-87EA-4AA4-8A00-AB39E92AA07B}
	EndGlobalSection
EndGlobal
